
Microsoft Visual Studio Solution File, Format Version 12.00
# Visual Studio 14
VisualStudioVersion = 14.0.25420.1
MinimumVisualStudioVersion = 10.0.40219.1
Project("{FAE04EC0-301F-11D3-BF4B-00C04F79EFBC}") = "PSConsole", "PSConsole\PSConsole\PSConsole.csproj", "{88BF88C9-8F6D-4F53-B108-2D8D08260317}"
EndProject
Project("{FAE04EC0-301F-11D3-BF4B-00C04F79EFBC}") = "Core", "Core\Core\Core.csproj", "{EF967304-F220-4581-B149-1D46A3FE2527}"
EndProject
Project("{FAE04EC0-301F-11D3-BF4B-00C04F79EFBC}") = "log4net", "log4net\log4net\log4net.csproj", "{181FE707-E161-4722-9F38-6AAAB6FAA106}"
EndProject
Project("{FAE04EC0-301F-11D3-BF4B-00C04F79EFBC}") = "RCCommon", "RCCommon\RCCommon\RCCommon.csproj", "{592AEB18-9BFA-42BE-A4FD-0B9633FCFFEE}"
EndProject
Project("{FAE04EC0-301F-11D3-BF4B-00C04F79EFBC}") = "RCClientService", "RCClientService\RCClientService\RCClientService.csproj", "{C9A72B8F-DB00-490E-89AF-70F75480BF5F}"
EndProject
Project("{FAE04EC0-301F-11D3-BF4B-00C04F79EFBC}") = "RCServerService", "RCServerService\RCServerService\RCServerService.csproj", "{98448011-2045-495B-8C8E-B8FD8C1D3F1E}"
EndProject
Project("{FAE04EC0-301F-11D3-BF4B-00C04F79EFBC}") = "HeroesCommandClient", "HeroesCommandClient\HeroesCommandClient\HeroesCommandClient.csproj", "{3A095688-411B-49C9-87D6-23BEC436133C}"
EndProject
Project("{FAE04EC0-301F-11D3-BF4B-00C04F79EFBC}") = "NPlot", "NPlot\NPlot\NPlot.csproj", "{3A946E29-51AB-466A-B7A5-36C2A59B92CA}"
EndProject
Project("{FAE04EC0-301F-11D3-BF4B-00C04F79EFBC}") = "HeroesOpTool", "HeroesOpTool\HeroesOpTool\HeroesOpTool.csproj", "{C9E21593-9A6A-45C5-B14C-BB4313168AB6}"
EndProject
Project("{FAE04EC0-301F-11D3-BF4B-00C04F79EFBC}") = "Utility", "Utility\Utility\Utility.csproj", "{9B72C18E-20A4-4A3E-BCB6-F2EEEF062B5F}"
EndProject
Project("{FAE04EC0-301F-11D3-BF4B-00C04F79EFBC}") = "HeroesServerHost", "HeroesServerHost\HeroesServerHost\HeroesServerHost.csproj", "{24375021-1BAD-49AC-B2F2-82CB633F3221}"
EndProject
Project("{FAE04EC0-301F-11D3-BF4B-00C04F79EFBC}") = "CodeGenerator", "CodeGenerator\CodeGenerator\CodeGenerator.csproj", "{82D9CD13-FF1D-429A-AF36-06377F135536}"
EndProject
Project("{FAE04EC0-301F-11D3-BF4B-00C04F79EFBC}") = "MMOServer", "MMOServer\MMOServer\MMOServer.csproj", "{48623D52-680D-40BE-8A6F-EE897C6749EE}"
EndProject
Project("{FAE04EC0-301F-11D3-BF4B-00C04F79EFBC}") = "MMOServerTest", "MMOServerTest\MMOServerTest\MMOServerTest.csproj", "{DCF70509-5AEB-4EA1-BABB-D5F8FD9E8B69}"
EndProject
Project("{FAE04EC0-301F-11D3-BF4B-00C04F79EFBC}") = "WcfChatRelay", "WcfChatRelay\WcfChatRelay\WcfChatRelay.csproj", "{E1CB560F-DE04-48C5-B765-2F0516E659FD}"
EndProject
Project("{FAE04EC0-301F-11D3-BF4B-00C04F79EFBC}") = "WcfChatRelay.Server", "WcfChatRelayServer\WcfChatRelay.Server\WcfChatRelay.Server.csproj", "{6284C15D-2FE2-4332-9FCE-DACEFC36EE06}"
EndProject
Project("{FAE04EC0-301F-11D3-BF4B-00C04F79EFBC}") = "Nexon.Com", "Nexon.Com\Nexon.Com\Nexon.Com.csproj", "{E5BAA76A-C33C-401B-A1C8-8E6A09A9E0EA}"
EndProject
Project("{FAE04EC0-301F-11D3-BF4B-00C04F79EFBC}") = "NEXON", "NEXON\NEXON\NEXON.csproj", "{E0018812-C2F5-40ED-A5AA-222040983F16}"
EndProject
Project("{FAE04EC0-301F-11D3-BF4B-00C04F79EFBC}") = "Nexon.Com.Group.Game.Wrapper", "Nexon.Com.Group.Game.Wrapper\Nexon.Com.Group.Game.Wrapper\Nexon.Com.Group.Game.Wrapper.csproj", "{7A67F450-D955-4A03-A317-6DD87D84F5DE}"
EndProject
Project("{FAE04EC0-301F-11D3-BF4B-00C04F79EFBC}") = "Executer", "Executer\Executer\Executer.csproj", "{CAD63C45-8FA0-4270-B8FF-532484B4BFE8}"
EndProject
Project("{FAE04EC0-301F-11D3-BF4B-00C04F79EFBC}") = "NPL.SSO", "NPL.SSO\NPL.SSO\NPL.SSO.csproj", "{1F18CC55-4ABD-4966-B208-CB8DA3D4623E}"
EndProject
Project("{FAE04EC0-301F-11D3-BF4B-00C04F79EFBC}") = "Nexon.Com.Playfeed.SDK", "Nexon.Com.Playfeed.SDK\Nexon.Com.Playfeed.SDK\Nexon.Com.Playfeed.SDK.csproj", "{BDDB49E1-0694-4D14-86A9-A67CF21B6D92}"
EndProject
Project("{FAE04EC0-301F-11D3-BF4B-00C04F79EFBC}") = "Nexon.BlockParty.Playfeed.SDK", "Nexon.BlockParty.Playfeed.SDK\Nexon.BlockParty.Playfeed.SDK\Nexon.BlockParty.Playfeed.SDK.csproj", "{A8F3673C-A3CD-4D8A-82C1-DB237BADE581}"
EndProject
Project("{FAE04EC0-301F-11D3-BF4B-00C04F79EFBC}") = "Nexon.Com.UserWrapper", "Nexon.Com.UserWrapper\Nexon.Com.UserWrapper\Nexon.Com.UserWrapper.csproj", "{A5ADB3EE-37BD-4CFA-8A5C-1761A5EC242A}"
EndProject
Project("{FAE04EC0-301F-11D3-BF4B-00C04F79EFBC}") = "Nexon.Enterprise.Management.Listener", "Nexon.Enterprise.Management.Listener\Nexon.Enterprise.Management.Listener\Nexon.Enterprise.Management.Listener.csproj", "{B5B72A43-756A-446A-9C87-053BB3000A46}"
EndProject
Project("{FAE04EC0-301F-11D3-BF4B-00C04F79EFBC}") = "Nexon.Enterprise.ServiceFacade", "Nexon.Enterprise.ServiceFacade\Nexon.Enterprise.ServiceFacade\Nexon.Enterprise.ServiceFacade.csproj", "{1427977E-F9D4-4932-90B0-E61A16330162}"
EndProject
Project("{FAE04EC0-301F-11D3-BF4B-00C04F79EFBC}") = "ICSharpCode.SharpZLib", "SharpZipLib\SharpZipLib\ICSharpCode.SharpZLib.csproj", "{0E7413FF-EB9E-4714-ACF2-BE3A6A7B2FFD}"
EndProject
Project("{FAE04EC0-301F-11D3-BF4B-00C04F79EFBC}") = "UnifiedNetwork", "UnifiedNetwork\UnifiedNetwork\UnifiedNetwork.csproj", "{52947F5C-8304-4348-9055-F366489F208B}"
EndProject
Project("{FAE04EC0-301F-11D3-BF4B-00C04F79EFBC}") = "ServiceCore", "ServiceCore\ServiceCore\ServiceCore.csproj", "{667DC6E4-810D-4C64-81A4-7BC5D1A2E42C}"
EndProject
Project("{FAE04EC0-301F-11D3-BF4B-00C04F79EFBC}") = "AdminClientServiceCore", "AdminClientServiceCore\AdminClientServiceCore\AdminClientServiceCore.csproj", "{4EE653CE-1569-417E-9EDB-29B43F26C4F6}"
EndProject
Project("{FAE04EC0-301F-11D3-BF4B-00C04F79EFBC}") = "AdminClient", "AdminClient\AdminClient\AdminClient.csproj", "{64DE1D2B-8A3E-47B5-A7D0-7B533D5DA4B6}"
EndProject
Project("{FAE04EC0-301F-11D3-BF4B-00C04F79EFBC}") = "AdminService", "AdminService\AdminService\AdminService.csproj", "{A841C928-B100-4D0D-B1F6-7772AA1BC3B2}"
EndProject
Project("{FAE04EC0-301F-11D3-BF4B-00C04F79EFBC}") = "ExecutionSupporterMessages", "ExecutionSupporterMessages\ExecutionSupporterMessages\ExecutionSupporterMessages.csproj", "{E3904CBA-4912-4719-A670-58929A371A1E}"
EndProject
Project("{FAE04EC0-301F-11D3-BF4B-00C04F79EFBC}") = "ExecutionSupporter", "ExecutionSupporter\ExecutionSupporter\ExecutionSupporter.csproj", "{E777DCC6-CB5F-4132-B3E3-EF7BF6916928}"
EndProject
Project("{FAE04EC0-301F-11D3-BF4B-00C04F79EFBC}") = "ExecutionSupporterClient", "ExecutionSupporterClient\ExecutionSupporterClient\ExecutionSupporterClient.csproj", "{2F40BD36-6C57-47F4-B63F-823141972699}"
EndProject
Project("{FAE04EC0-301F-11D3-BF4B-00C04F79EFBC}") = "HeroesChannelServer", "HeroesChannelServer\HeroesChannelServer\HeroesChannelServer.csproj", "{C36584E5-6673-4E76-B3DB-8FD80B3FC891}"
EndProject
Project("{FAE04EC0-301F-11D3-BF4B-00C04F79EFBC}") = "HeroesChannelServerPerformanceTester", "HeroesChannelServerPerformanceTester\HeroesChannelServerPerformanceTester\HeroesChannelServerPerformanceTester.csproj", "{691928E2-436C-4F57-9D9A-DDC66E3066ED}"
EndProject
Project("{FAE04EC0-301F-11D3-BF4B-00C04F79EFBC}") = "ReportServiceClient", "ReportServiceClient\ReportServiceClient\ReportServiceClient.csproj", "{C8BAEAC9-C6B2-4D54-910C-BD387BC71E32}"
EndProject
Project("{FAE04EC0-301F-11D3-BF4B-00C04F79EFBC}") = "TestLauncher", "TestLauncher\TestLauncher\TestLauncher.csproj", "{CEE20E5C-4D51-45F6-820E-732FC4A5E9DA}"
EndProject
Project("{FAE04EC0-301F-11D3-BF4B-00C04F79EFBC}") = "CafeAuthJPNVersionService", "CafeAuthJPNVersionService\CafeAuthJPNVersionService\CafeAuthJPNVersionService.csproj", "{62106FAB-02FC-40D8-A81F-C7516E0C3D4E}"
EndProject
Project("{FAE04EC0-301F-11D3-BF4B-00C04F79EFBC}") = "CafeAuthOldVersionService", "CafeAuthOldVersionService\CafeAuthOldVersionService\CafeAuthOldVersionService.csproj", "{55887740-7A72-4EAB-A7F7-D9A7EE05A5E9}"
EndProject
Global
	GlobalSection(SolutionConfigurationPlatforms) = preSolution
		Debug|x64 = Debug|x64
		Debug|x86 = Debug|x86
		Release|x64 = Release|x64
		Release|x86 = Release|x86
	EndGlobalSection
	GlobalSection(ProjectConfigurationPlatforms) = postSolution
		{88BF88C9-8F6D-4F53-B108-2D8D08260317}.Debug|x64.ActiveCfg = Debug|x64
		{88BF88C9-8F6D-4F53-B108-2D8D08260317}.Debug|x64.Build.0 = Debug|x64
		{88BF88C9-8F6D-4F53-B108-2D8D08260317}.Debug|x86.ActiveCfg = Debug|x86
		{88BF88C9-8F6D-4F53-B108-2D8D08260317}.Debug|x86.Build.0 = Debug|x86
		{88BF88C9-8F6D-4F53-B108-2D8D08260317}.Release|x64.ActiveCfg = Release|x64
		{88BF88C9-8F6D-4F53-B108-2D8D08260317}.Release|x64.Build.0 = Release|x64
		{88BF88C9-8F6D-4F53-B108-2D8D08260317}.Release|x86.ActiveCfg = Release|x64
		{88BF88C9-8F6D-4F53-B108-2D8D08260317}.Release|x86.Build.0 = Release|x64
		{EF967304-F220-4581-B149-1D46A3FE2527}.Debug|x64.ActiveCfg = Debug|x64
		{EF967304-F220-4581-B149-1D46A3FE2527}.Debug|x64.Build.0 = Debug|x64
		{EF967304-F220-4581-B149-1D46A3FE2527}.Debug|x86.ActiveCfg = Debug|x86
		{EF967304-F220-4581-B149-1D46A3FE2527}.Debug|x86.Build.0 = Debug|x86
		{EF967304-F220-4581-B149-1D46A3FE2527}.Release|x64.ActiveCfg = Release|x64
		{EF967304-F220-4581-B149-1D46A3FE2527}.Release|x64.Build.0 = Release|x64
		{EF967304-F220-4581-B149-1D46A3FE2527}.Release|x86.ActiveCfg = Release|x64
		{EF967304-F220-4581-B149-1D46A3FE2527}.Release|x86.Build.0 = Release|x64
		{181FE707-E161-4722-9F38-6AAAB6FAA106}.Debug|x64.ActiveCfg = Debug|x64
		{181FE707-E161-4722-9F38-6AAAB6FAA106}.Debug|x64.Build.0 = Debug|x64
		{181FE707-E161-4722-9F38-6AAAB6FAA106}.Debug|x86.ActiveCfg = Debug|x86
		{181FE707-E161-4722-9F38-6AAAB6FAA106}.Debug|x86.Build.0 = Debug|x86
		{181FE707-E161-4722-9F38-6AAAB6FAA106}.Release|x64.ActiveCfg = Release|x64
		{181FE707-E161-4722-9F38-6AAAB6FAA106}.Release|x64.Build.0 = Release|x64
		{181FE707-E161-4722-9F38-6AAAB6FAA106}.Release|x86.ActiveCfg = Release|x64
		{181FE707-E161-4722-9F38-6AAAB6FAA106}.Release|x86.Build.0 = Release|x64
		{592AEB18-9BFA-42BE-A4FD-0B9633FCFFEE}.Debug|x64.ActiveCfg = Debug|x64
		{592AEB18-9BFA-42BE-A4FD-0B9633FCFFEE}.Debug|x64.Build.0 = Debug|x64
		{592AEB18-9BFA-42BE-A4FD-0B9633FCFFEE}.Debug|x86.ActiveCfg = Debug|x86
		{592AEB18-9BFA-42BE-A4FD-0B9633FCFFEE}.Debug|x86.Build.0 = Debug|x86
		{592AEB18-9BFA-42BE-A4FD-0B9633FCFFEE}.Release|x64.ActiveCfg = Release|x64
		{592AEB18-9BFA-42BE-A4FD-0B9633FCFFEE}.Release|x64.Build.0 = Release|x64
		{592AEB18-9BFA-42BE-A4FD-0B9633FCFFEE}.Release|x86.ActiveCfg = Release|x64
		{C9A72B8F-DB00-490E-89AF-70F75480BF5F}.Debug|x64.ActiveCfg = Debug|x64
		{C9A72B8F-DB00-490E-89AF-70F75480BF5F}.Debug|x64.Build.0 = Debug|x64
		{C9A72B8F-DB00-490E-89AF-70F75480BF5F}.Debug|x86.ActiveCfg = Debug|x86
		{C9A72B8F-DB00-490E-89AF-70F75480BF5F}.Debug|x86.Build.0 = Debug|x86
		{C9A72B8F-DB00-490E-89AF-70F75480BF5F}.Release|x64.ActiveCfg = Release|x64
		{C9A72B8F-DB00-490E-89AF-70F75480BF5F}.Release|x64.Build.0 = Release|x64
		{C9A72B8F-DB00-490E-89AF-70F75480BF5F}.Release|x86.ActiveCfg = Release|x64
		{98448011-2045-495B-8C8E-B8FD8C1D3F1E}.Debug|x64.ActiveCfg = Debug|x64
		{98448011-2045-495B-8C8E-B8FD8C1D3F1E}.Debug|x64.Build.0 = Debug|x64
		{98448011-2045-495B-8C8E-B8FD8C1D3F1E}.Debug|x86.ActiveCfg = Debug|x86
		{98448011-2045-495B-8C8E-B8FD8C1D3F1E}.Debug|x86.Build.0 = Debug|x86
		{98448011-2045-495B-8C8E-B8FD8C1D3F1E}.Release|x64.ActiveCfg = Release|x64
		{98448011-2045-495B-8C8E-B8FD8C1D3F1E}.Release|x64.Build.0 = Release|x64
		{98448011-2045-495B-8C8E-B8FD8C1D3F1E}.Release|x86.ActiveCfg = Release|x64
		{98448011-2045-495B-8C8E-B8FD8C1D3F1E}.Release|x86.Build.0 = Release|x64
		{3A095688-411B-49C9-87D6-23BEC436133C}.Debug|x64.ActiveCfg = Debug|x64
		{3A095688-411B-49C9-87D6-23BEC436133C}.Debug|x64.Build.0 = Debug|x64
		{3A095688-411B-49C9-87D6-23BEC436133C}.Debug|x86.ActiveCfg = Debug|x86
		{3A095688-411B-49C9-87D6-23BEC436133C}.Debug|x86.Build.0 = Debug|x86
		{3A095688-411B-49C9-87D6-23BEC436133C}.Release|x64.ActiveCfg = Release|x64
		{3A095688-411B-49C9-87D6-23BEC436133C}.Release|x64.Build.0 = Release|x64
		{3A095688-411B-49C9-87D6-23BEC436133C}.Release|x86.ActiveCfg = Release|x64
		{3A095688-411B-49C9-87D6-23BEC436133C}.Release|x86.Build.0 = Release|x64
		{3A946E29-51AB-466A-B7A5-36C2A59B92CA}.Debug|x64.ActiveCfg = Debug|x64
		{3A946E29-51AB-466A-B7A5-36C2A59B92CA}.Debug|x64.Build.0 = Debug|x64
		{3A946E29-51AB-466A-B7A5-36C2A59B92CA}.Debug|x86.ActiveCfg = Debug|x86
		{3A946E29-51AB-466A-B7A5-36C2A59B92CA}.Debug|x86.Build.0 = Debug|x86
		{3A946E29-51AB-466A-B7A5-36C2A59B92CA}.Release|x64.ActiveCfg = Release|x64
		{3A946E29-51AB-466A-B7A5-36C2A59B92CA}.Release|x64.Build.0 = Release|x64
		{3A946E29-51AB-466A-B7A5-36C2A59B92CA}.Release|x86.ActiveCfg = Release|x64
		{3A946E29-51AB-466A-B7A5-36C2A59B92CA}.Release|x86.Build.0 = Release|x64
		{C9E21593-9A6A-45C5-B14C-BB4313168AB6}.Debug|x64.ActiveCfg = Debug|x64
		{C9E21593-9A6A-45C5-B14C-BB4313168AB6}.Debug|x64.Build.0 = Debug|x64
		{C9E21593-9A6A-45C5-B14C-BB4313168AB6}.Debug|x86.ActiveCfg = Debug|x86
		{C9E21593-9A6A-45C5-B14C-BB4313168AB6}.Debug|x86.Build.0 = Debug|x86
		{C9E21593-9A6A-45C5-B14C-BB4313168AB6}.Release|x64.ActiveCfg = Release|x64
		{C9E21593-9A6A-45C5-B14C-BB4313168AB6}.Release|x64.Build.0 = Release|x64
		{C9E21593-9A6A-45C5-B14C-BB4313168AB6}.Release|x86.ActiveCfg = Release|x64
		{C9E21593-9A6A-45C5-B14C-BB4313168AB6}.Release|x86.Build.0 = Release|x64
		{9B72C18E-20A4-4A3E-BCB6-F2EEEF062B5F}.Debug|x64.ActiveCfg = Debug|x64
		{9B72C18E-20A4-4A3E-BCB6-F2EEEF062B5F}.Debug|x64.Build.0 = Debug|x64
		{9B72C18E-20A4-4A3E-BCB6-F2EEEF062B5F}.Debug|x86.ActiveCfg = Debug|x86
		{9B72C18E-20A4-4A3E-BCB6-F2EEEF062B5F}.Debug|x86.Build.0 = Debug|x86
		{9B72C18E-20A4-4A3E-BCB6-F2EEEF062B5F}.Release|x64.ActiveCfg = Release|x64
		{9B72C18E-20A4-4A3E-BCB6-F2EEEF062B5F}.Release|x64.Build.0 = Release|x64
		{9B72C18E-20A4-4A3E-BCB6-F2EEEF062B5F}.Release|x86.ActiveCfg = Release|x64
		{9B72C18E-20A4-4A3E-BCB6-F2EEEF062B5F}.Release|x86.Build.0 = Release|x64
		{24375021-1BAD-49AC-B2F2-82CB633F3221}.Debug|x64.ActiveCfg = Debug|x64
		{24375021-1BAD-49AC-B2F2-82CB633F3221}.Debug|x64.Build.0 = Debug|x64
		{24375021-1BAD-49AC-B2F2-82CB633F3221}.Debug|x86.ActiveCfg = Debug|x86
		{24375021-1BAD-49AC-B2F2-82CB633F3221}.Debug|x86.Build.0 = Debug|x86
		{24375021-1BAD-49AC-B2F2-82CB633F3221}.Release|x64.ActiveCfg = Release|x64
		{24375021-1BAD-49AC-B2F2-82CB633F3221}.Release|x64.Build.0 = Release|x64
		{24375021-1BAD-49AC-B2F2-82CB633F3221}.Release|x86.ActiveCfg = Release|x64
		{24375021-1BAD-49AC-B2F2-82CB633F3221}.Release|x86.Build.0 = Release|x64
		{82D9CD13-FF1D-429A-AF36-06377F135536}.Debug|x64.ActiveCfg = Debug|x64
		{82D9CD13-FF1D-429A-AF36-06377F135536}.Debug|x64.Build.0 = Debug|x64
		{82D9CD13-FF1D-429A-AF36-06377F135536}.Debug|x86.ActiveCfg = Debug|x86
		{82D9CD13-FF1D-429A-AF36-06377F135536}.Debug|x86.Build.0 = Debug|x86
		{82D9CD13-FF1D-429A-AF36-06377F135536}.Release|x64.ActiveCfg = Release|x64
		{82D9CD13-FF1D-429A-AF36-06377F135536}.Release|x64.Build.0 = Release|x64
		{82D9CD13-FF1D-429A-AF36-06377F135536}.Release|x86.ActiveCfg = Release|x86
		{82D9CD13-FF1D-429A-AF36-06377F135536}.Release|x86.Build.0 = Release|x86
		{48623D52-680D-40BE-8A6F-EE897C6749EE}.Debug|x64.ActiveCfg = Debug|x64
		{48623D52-680D-40BE-8A6F-EE897C6749EE}.Debug|x64.Build.0 = Debug|x64
		{48623D52-680D-40BE-8A6F-EE897C6749EE}.Debug|x86.ActiveCfg = Debug|x86
		{48623D52-680D-40BE-8A6F-EE897C6749EE}.Debug|x86.Build.0 = Debug|x86
		{48623D52-680D-40BE-8A6F-EE897C6749EE}.Release|x64.ActiveCfg = Release|x64
		{48623D52-680D-40BE-8A6F-EE897C6749EE}.Release|x64.Build.0 = Release|x64
		{48623D52-680D-40BE-8A6F-EE897C6749EE}.Release|x86.ActiveCfg = Release|x86
		{48623D52-680D-40BE-8A6F-EE897C6749EE}.Release|x86.Build.0 = Release|x86
		{DCF70509-5AEB-4EA1-BABB-D5F8FD9E8B69}.Debug|x64.ActiveCfg = Debug|x64
		{DCF70509-5AEB-4EA1-BABB-D5F8FD9E8B69}.Debug|x64.Build.0 = Debug|x64
		{DCF70509-5AEB-4EA1-BABB-D5F8FD9E8B69}.Debug|x86.ActiveCfg = Debug|x86
		{DCF70509-5AEB-4EA1-BABB-D5F8FD9E8B69}.Debug|x86.Build.0 = Debug|x86
		{DCF70509-5AEB-4EA1-BABB-D5F8FD9E8B69}.Release|x64.ActiveCfg = Release|x64
		{DCF70509-5AEB-4EA1-BABB-D5F8FD9E8B69}.Release|x64.Build.0 = Release|x64
		{DCF70509-5AEB-4EA1-BABB-D5F8FD9E8B69}.Release|x86.ActiveCfg = Release|x86
		{DCF70509-5AEB-4EA1-BABB-D5F8FD9E8B69}.Release|x86.Build.0 = Release|x86
		{E1CB560F-DE04-48C5-B765-2F0516E659FD}.Debug|x64.ActiveCfg = Debug|x64
		{E1CB560F-DE04-48C5-B765-2F0516E659FD}.Debug|x64.Build.0 = Debug|x64
		{E1CB560F-DE04-48C5-B765-2F0516E659FD}.Debug|x86.ActiveCfg = Debug|x86
		{E1CB560F-DE04-48C5-B765-2F0516E659FD}.Debug|x86.Build.0 = Debug|x86
		{E1CB560F-DE04-48C5-B765-2F0516E659FD}.Release|x64.ActiveCfg = Release|x64
		{E1CB560F-DE04-48C5-B765-2F0516E659FD}.Release|x64.Build.0 = Release|x64
		{E1CB560F-DE04-48C5-B765-2F0516E659FD}.Release|x86.ActiveCfg = Release|x86
		{E1CB560F-DE04-48C5-B765-2F0516E659FD}.Release|x86.Build.0 = Release|x86
		{6284C15D-2FE2-4332-9FCE-DACEFC36EE06}.Debug|x64.ActiveCfg = Debug|x64
		{6284C15D-2FE2-4332-9FCE-DACEFC36EE06}.Debug|x64.Build.0 = Debug|x64
		{6284C15D-2FE2-4332-9FCE-DACEFC36EE06}.Debug|x86.ActiveCfg = Debug|x86
		{6284C15D-2FE2-4332-9FCE-DACEFC36EE06}.Debug|x86.Build.0 = Debug|x86
		{6284C15D-2FE2-4332-9FCE-DACEFC36EE06}.Release|x64.ActiveCfg = Release|x64
		{6284C15D-2FE2-4332-9FCE-DACEFC36EE06}.Release|x64.Build.0 = Release|x64
		{6284C15D-2FE2-4332-9FCE-DACEFC36EE06}.Release|x86.ActiveCfg = Release|x86
		{6284C15D-2FE2-4332-9FCE-DACEFC36EE06}.Release|x86.Build.0 = Release|x86
		{E5BAA76A-C33C-401B-A1C8-8E6A09A9E0EA}.Debug|x64.ActiveCfg = Debug|x64
		{E5BAA76A-C33C-401B-A1C8-8E6A09A9E0EA}.Debug|x64.Build.0 = Debug|x64
		{E5BAA76A-C33C-401B-A1C8-8E6A09A9E0EA}.Debug|x86.ActiveCfg = Debug|x86
		{E5BAA76A-C33C-401B-A1C8-8E6A09A9E0EA}.Debug|x86.Build.0 = Debug|x86
		{E5BAA76A-C33C-401B-A1C8-8E6A09A9E0EA}.Release|x64.ActiveCfg = Release|x64
		{E5BAA76A-C33C-401B-A1C8-8E6A09A9E0EA}.Release|x64.Build.0 = Release|x64
		{E5BAA76A-C33C-401B-A1C8-8E6A09A9E0EA}.Release|x86.ActiveCfg = Release|x86
		{E5BAA76A-C33C-401B-A1C8-8E6A09A9E0EA}.Release|x86.Build.0 = Release|x86
		{E0018812-C2F5-40ED-A5AA-222040983F16}.Debug|x64.ActiveCfg = Debug|x64
		{E0018812-C2F5-40ED-A5AA-222040983F16}.Debug|x64.Build.0 = Debug|x64
		{E0018812-C2F5-40ED-A5AA-222040983F16}.Debug|x86.ActiveCfg = Debug|x86
		{E0018812-C2F5-40ED-A5AA-222040983F16}.Debug|x86.Build.0 = Debug|x86
		{E0018812-C2F5-40ED-A5AA-222040983F16}.Release|x64.ActiveCfg = Release|x64
		{E0018812-C2F5-40ED-A5AA-222040983F16}.Release|x64.Build.0 = Release|x64
		{E0018812-C2F5-40ED-A5AA-222040983F16}.Release|x86.ActiveCfg = Release|x86
		{E0018812-C2F5-40ED-A5AA-222040983F16}.Release|x86.Build.0 = Release|x86
		{7A67F450-D955-4A03-A317-6DD87D84F5DE}.Debug|x64.ActiveCfg = Debug|x64
		{7A67F450-D955-4A03-A317-6DD87D84F5DE}.Debug|x64.Build.0 = Debug|x64
		{7A67F450-D955-4A03-A317-6DD87D84F5DE}.Debug|x86.ActiveCfg = Debug|x86
		{7A67F450-D955-4A03-A317-6DD87D84F5DE}.Debug|x86.Build.0 = Debug|x86
		{7A67F450-D955-4A03-A317-6DD87D84F5DE}.Release|x64.ActiveCfg = Release|x64
		{7A67F450-D955-4A03-A317-6DD87D84F5DE}.Release|x64.Build.0 = Release|x64
		{7A67F450-D955-4A03-A317-6DD87D84F5DE}.Release|x86.ActiveCfg = Release|x86
		{7A67F450-D955-4A03-A317-6DD87D84F5DE}.Release|x86.Build.0 = Release|x86
		{CAD63C45-8FA0-4270-B8FF-532484B4BFE8}.Debug|x64.ActiveCfg = Debug|x64
		{CAD63C45-8FA0-4270-B8FF-532484B4BFE8}.Debug|x64.Build.0 = Debug|x64
		{CAD63C45-8FA0-4270-B8FF-532484B4BFE8}.Debug|x86.ActiveCfg = Debug|x86
		{CAD63C45-8FA0-4270-B8FF-532484B4BFE8}.Debug|x86.Build.0 = Debug|x86
		{CAD63C45-8FA0-4270-B8FF-532484B4BFE8}.Release|x64.ActiveCfg = Release|x64
		{CAD63C45-8FA0-4270-B8FF-532484B4BFE8}.Release|x64.Build.0 = Release|x64
		{CAD63C45-8FA0-4270-B8FF-532484B4BFE8}.Release|x86.ActiveCfg = Release|x86
		{CAD63C45-8FA0-4270-B8FF-532484B4BFE8}.Release|x86.Build.0 = Release|x86
		{1F18CC55-4ABD-4966-B208-CB8DA3D4623E}.Debug|x64.ActiveCfg = Debug|x64
		{1F18CC55-4ABD-4966-B208-CB8DA3D4623E}.Debug|x64.Build.0 = Debug|x64
		{1F18CC55-4ABD-4966-B208-CB8DA3D4623E}.Debug|x86.ActiveCfg = Debug|x86
		{1F18CC55-4ABD-4966-B208-CB8DA3D4623E}.Debug|x86.Build.0 = Debug|x86
		{1F18CC55-4ABD-4966-B208-CB8DA3D4623E}.Release|x64.ActiveCfg = Release|x64
		{1F18CC55-4ABD-4966-B208-CB8DA3D4623E}.Release|x64.Build.0 = Release|x64
		{1F18CC55-4ABD-4966-B208-CB8DA3D4623E}.Release|x86.ActiveCfg = Release|x86
		{1F18CC55-4ABD-4966-B208-CB8DA3D4623E}.Release|x86.Build.0 = Release|x86
		{BDDB49E1-0694-4D14-86A9-A67CF21B6D92}.Debug|x64.ActiveCfg = Debug|x64
		{BDDB49E1-0694-4D14-86A9-A67CF21B6D92}.Debug|x64.Build.0 = Debug|x64
		{BDDB49E1-0694-4D14-86A9-A67CF21B6D92}.Debug|x86.ActiveCfg = Debug|x86
		{BDDB49E1-0694-4D14-86A9-A67CF21B6D92}.Debug|x86.Build.0 = Debug|x86
		{BDDB49E1-0694-4D14-86A9-A67CF21B6D92}.Release|x64.ActiveCfg = Release|x64
		{BDDB49E1-0694-4D14-86A9-A67CF21B6D92}.Release|x64.Build.0 = Release|x64
		{BDDB49E1-0694-4D14-86A9-A67CF21B6D92}.Release|x86.ActiveCfg = Release|x86
		{BDDB49E1-0694-4D14-86A9-A67CF21B6D92}.Release|x86.Build.0 = Release|x86
		{A8F3673C-A3CD-4D8A-82C1-DB237BADE581}.Debug|x64.ActiveCfg = Debug|x64
		{A8F3673C-A3CD-4D8A-82C1-DB237BADE581}.Debug|x64.Build.0 = Debug|x64
		{A8F3673C-A3CD-4D8A-82C1-DB237BADE581}.Debug|x86.ActiveCfg = Debug|x86
		{A8F3673C-A3CD-4D8A-82C1-DB237BADE581}.Debug|x86.Build.0 = Debug|x86
		{A8F3673C-A3CD-4D8A-82C1-DB237BADE581}.Release|x64.ActiveCfg = Release|x64
		{A8F3673C-A3CD-4D8A-82C1-DB237BADE581}.Release|x64.Build.0 = Release|x64
		{A8F3673C-A3CD-4D8A-82C1-DB237BADE581}.Release|x86.ActiveCfg = Release|x86
		{A8F3673C-A3CD-4D8A-82C1-DB237BADE581}.Release|x86.Build.0 = Release|x86
		{A5ADB3EE-37BD-4CFA-8A5C-1761A5EC242A}.Debug|x64.ActiveCfg = Debug|x64
		{A5ADB3EE-37BD-4CFA-8A5C-1761A5EC242A}.Debug|x64.Build.0 = Debug|x64
		{A5ADB3EE-37BD-4CFA-8A5C-1761A5EC242A}.Debug|x86.ActiveCfg = Debug|x86
		{A5ADB3EE-37BD-4CFA-8A5C-1761A5EC242A}.Debug|x86.Build.0 = Debug|x86
		{A5ADB3EE-37BD-4CFA-8A5C-1761A5EC242A}.Release|x64.ActiveCfg = Release|x64
		{A5ADB3EE-37BD-4CFA-8A5C-1761A5EC242A}.Release|x64.Build.0 = Release|x64
		{A5ADB3EE-37BD-4CFA-8A5C-1761A5EC242A}.Release|x86.ActiveCfg = Release|x86
		{A5ADB3EE-37BD-4CFA-8A5C-1761A5EC242A}.Release|x86.Build.0 = Release|x86
		{B5B72A43-756A-446A-9C87-053BB3000A46}.Debug|x64.ActiveCfg = Debug|x64
		{B5B72A43-756A-446A-9C87-053BB3000A46}.Debug|x64.Build.0 = Debug|x64
		{B5B72A43-756A-446A-9C87-053BB3000A46}.Debug|x86.ActiveCfg = Debug|x86
		{B5B72A43-756A-446A-9C87-053BB3000A46}.Debug|x86.Build.0 = Debug|x86
		{B5B72A43-756A-446A-9C87-053BB3000A46}.Release|x64.ActiveCfg = Release|x64
		{B5B72A43-756A-446A-9C87-053BB3000A46}.Release|x64.Build.0 = Release|x64
		{B5B72A43-756A-446A-9C87-053BB3000A46}.Release|x86.ActiveCfg = Release|x86
		{B5B72A43-756A-446A-9C87-053BB3000A46}.Release|x86.Build.0 = Release|x86
		{1427977E-F9D4-4932-90B0-E61A16330162}.Debug|x64.ActiveCfg = Debug|x64
		{1427977E-F9D4-4932-90B0-E61A16330162}.Debug|x64.Build.0 = Debug|x64
		{1427977E-F9D4-4932-90B0-E61A16330162}.Debug|x86.ActiveCfg = Debug|x86
		{1427977E-F9D4-4932-90B0-E61A16330162}.Debug|x86.Build.0 = Debug|x86
		{1427977E-F9D4-4932-90B0-E61A16330162}.Release|x64.ActiveCfg = Release|x64
		{1427977E-F9D4-4932-90B0-E61A16330162}.Release|x64.Build.0 = Release|x64
		{1427977E-F9D4-4932-90B0-E61A16330162}.Release|x86.ActiveCfg = Release|x86
		{1427977E-F9D4-4932-90B0-E61A16330162}.Release|x86.Build.0 = Release|x86
		{0E7413FF-EB9E-4714-ACF2-BE3A6A7B2FFD}.Debug|x64.ActiveCfg = Debug|x64
		{0E7413FF-EB9E-4714-ACF2-BE3A6A7B2FFD}.Debug|x64.Build.0 = Debug|x64
		{0E7413FF-EB9E-4714-ACF2-BE3A6A7B2FFD}.Debug|x86.ActiveCfg = Debug|x86
		{0E7413FF-EB9E-4714-ACF2-BE3A6A7B2FFD}.Debug|x86.Build.0 = Debug|x86
		{0E7413FF-EB9E-4714-ACF2-BE3A6A7B2FFD}.Release|x64.ActiveCfg = Release|x64
		{0E7413FF-EB9E-4714-ACF2-BE3A6A7B2FFD}.Release|x64.Build.0 = Release|x64
		{0E7413FF-EB9E-4714-ACF2-BE3A6A7B2FFD}.Release|x86.ActiveCfg = Release|x86
		{0E7413FF-EB9E-4714-ACF2-BE3A6A7B2FFD}.Release|x86.Build.0 = Release|x86
		{52947F5C-8304-4348-9055-F366489F208B}.Debug|x64.ActiveCfg = Debug|x64
		{52947F5C-8304-4348-9055-F366489F208B}.Debug|x64.Build.0 = Debug|x64
		{52947F5C-8304-4348-9055-F366489F208B}.Debug|x86.ActiveCfg = Debug|x86
		{52947F5C-8304-4348-9055-F366489F208B}.Debug|x86.Build.0 = Debug|x86
		{52947F5C-8304-4348-9055-F366489F208B}.Release|x64.ActiveCfg = Release|x64
		{52947F5C-8304-4348-9055-F366489F208B}.Release|x64.Build.0 = Release|x64
		{52947F5C-8304-4348-9055-F366489F208B}.Release|x86.ActiveCfg = Release|x86
		{52947F5C-8304-4348-9055-F366489F208B}.Release|x86.Build.0 = Release|x86
		{667DC6E4-810D-4C64-81A4-7BC5D1A2E42C}.Debug|x64.ActiveCfg = Debug|x64
		{667DC6E4-810D-4C64-81A4-7BC5D1A2E42C}.Debug|x64.Build.0 = Debug|x64
		{667DC6E4-810D-4C64-81A4-7BC5D1A2E42C}.Debug|x86.ActiveCfg = Debug|x86
		{667DC6E4-810D-4C64-81A4-7BC5D1A2E42C}.Debug|x86.Build.0 = Debug|x86
		{667DC6E4-810D-4C64-81A4-7BC5D1A2E42C}.Release|x64.ActiveCfg = Release|x64
		{667DC6E4-810D-4C64-81A4-7BC5D1A2E42C}.Release|x64.Build.0 = Release|x64
		{667DC6E4-810D-4C64-81A4-7BC5D1A2E42C}.Release|x86.ActiveCfg = Release|x86
		{667DC6E4-810D-4C64-81A4-7BC5D1A2E42C}.Release|x86.Build.0 = Release|x86
		{4EE653CE-1569-417E-9EDB-29B43F26C4F6}.Debug|x64.ActiveCfg = Debug|x64
		{4EE653CE-1569-417E-9EDB-29B43F26C4F6}.Debug|x64.Build.0 = Debug|x64
		{4EE653CE-1569-417E-9EDB-29B43F26C4F6}.Debug|x86.ActiveCfg = Debug|x86
		{4EE653CE-1569-417E-9EDB-29B43F26C4F6}.Debug|x86.Build.0 = Debug|x86
		{4EE653CE-1569-417E-9EDB-29B43F26C4F6}.Release|x64.ActiveCfg = Release|x64
		{4EE653CE-1569-417E-9EDB-29B43F26C4F6}.Release|x64.Build.0 = Release|x64
		{4EE653CE-1569-417E-9EDB-29B43F26C4F6}.Release|x86.ActiveCfg = Release|x86
		{4EE653CE-1569-417E-9EDB-29B43F26C4F6}.Release|x86.Build.0 = Release|x86
		{64DE1D2B-8A3E-47B5-A7D0-7B533D5DA4B6}.Debug|x64.ActiveCfg = Debug|x64
		{64DE1D2B-8A3E-47B5-A7D0-7B533D5DA4B6}.Debug|x64.Build.0 = Debug|x64
		{64DE1D2B-8A3E-47B5-A7D0-7B533D5DA4B6}.Debug|x86.ActiveCfg = Debug|x86
		{64DE1D2B-8A3E-47B5-A7D0-7B533D5DA4B6}.Debug|x86.Build.0 = Debug|x86
		{64DE1D2B-8A3E-47B5-A7D0-7B533D5DA4B6}.Release|x64.ActiveCfg = Release|x64
		{64DE1D2B-8A3E-47B5-A7D0-7B533D5DA4B6}.Release|x64.Build.0 = Release|x64
		{64DE1D2B-8A3E-47B5-A7D0-7B533D5DA4B6}.Release|x86.ActiveCfg = Release|x86
		{64DE1D2B-8A3E-47B5-A7D0-7B533D5DA4B6}.Release|x86.Build.0 = Release|x86
		{A841C928-B100-4D0D-B1F6-7772AA1BC3B2}.Debug|x64.ActiveCfg = Debug|x64
		{A841C928-B100-4D0D-B1F6-7772AA1BC3B2}.Debug|x64.Build.0 = Debug|x64
		{A841C928-B100-4D0D-B1F6-7772AA1BC3B2}.Debug|x86.ActiveCfg = Debug|x86
		{A841C928-B100-4D0D-B1F6-7772AA1BC3B2}.Debug|x86.Build.0 = Debug|x86
		{A841C928-B100-4D0D-B1F6-7772AA1BC3B2}.Release|x64.ActiveCfg = Release|x64
		{A841C928-B100-4D0D-B1F6-7772AA1BC3B2}.Release|x64.Build.0 = Release|x64
		{A841C928-B100-4D0D-B1F6-7772AA1BC3B2}.Release|x86.ActiveCfg = Release|x86
		{A841C928-B100-4D0D-B1F6-7772AA1BC3B2}.Release|x86.Build.0 = Release|x86
		{E3904CBA-4912-4719-A670-58929A371A1E}.Debug|x64.ActiveCfg = Debug|x64
		{E3904CBA-4912-4719-A670-58929A371A1E}.Debug|x64.Build.0 = Debug|x64
		{E3904CBA-4912-4719-A670-58929A371A1E}.Debug|x86.ActiveCfg = Debug|x86
		{E3904CBA-4912-4719-A670-58929A371A1E}.Debug|x86.Build.0 = Debug|x86
		{E3904CBA-4912-4719-A670-58929A371A1E}.Release|x64.ActiveCfg = Release|x64
		{E3904CBA-4912-4719-A670-58929A371A1E}.Release|x64.Build.0 = Release|x64
		{E3904CBA-4912-4719-A670-58929A371A1E}.Release|x86.ActiveCfg = Release|x86
		{E3904CBA-4912-4719-A670-58929A371A1E}.Release|x86.Build.0 = Release|x86
		{E777DCC6-CB5F-4132-B3E3-EF7BF6916928}.Debug|x64.ActiveCfg = Debug|x64
		{E777DCC6-CB5F-4132-B3E3-EF7BF6916928}.Debug|x64.Build.0 = Debug|x64
		{E777DCC6-CB5F-4132-B3E3-EF7BF6916928}.Debug|x86.ActiveCfg = Debug|x86
		{E777DCC6-CB5F-4132-B3E3-EF7BF6916928}.Debug|x86.Build.0 = Debug|x86
		{E777DCC6-CB5F-4132-B3E3-EF7BF6916928}.Release|x64.ActiveCfg = Release|x64
		{E777DCC6-CB5F-4132-B3E3-EF7BF6916928}.Release|x64.Build.0 = Release|x64
		{E777DCC6-CB5F-4132-B3E3-EF7BF6916928}.Release|x86.ActiveCfg = Release|x86
		{E777DCC6-CB5F-4132-B3E3-EF7BF6916928}.Release|x86.Build.0 = Release|x86
		{2F40BD36-6C57-47F4-B63F-823141972699}.Debug|x64.ActiveCfg = Debug|x64
		{2F40BD36-6C57-47F4-B63F-823141972699}.Debug|x64.Build.0 = Debug|x64
		{2F40BD36-6C57-47F4-B63F-823141972699}.Debug|x86.ActiveCfg = Debug|x86
		{2F40BD36-6C57-47F4-B63F-823141972699}.Debug|x86.Build.0 = Debug|x86
		{2F40BD36-6C57-47F4-B63F-823141972699}.Release|x64.ActiveCfg = Release|x64
		{2F40BD36-6C57-47F4-B63F-823141972699}.Release|x64.Build.0 = Release|x64
		{2F40BD36-6C57-47F4-B63F-823141972699}.Release|x86.ActiveCfg = Release|x86
		{2F40BD36-6C57-47F4-B63F-823141972699}.Release|x86.Build.0 = Release|x86
		{C36584E5-6673-4E76-B3DB-8FD80B3FC891}.Debug|x64.ActiveCfg = Debug|x64
		{C36584E5-6673-4E76-B3DB-8FD80B3FC891}.Debug|x64.Build.0 = Debug|x64
		{C36584E5-6673-4E76-B3DB-8FD80B3FC891}.Debug|x86.ActiveCfg = Debug|x86
		{C36584E5-6673-4E76-B3DB-8FD80B3FC891}.Debug|x86.Build.0 = Debug|x86
		{C36584E5-6673-4E76-B3DB-8FD80B3FC891}.Release|x64.ActiveCfg = Release|x64
		{C36584E5-6673-4E76-B3DB-8FD80B3FC891}.Release|x64.Build.0 = Release|x64
		{C36584E5-6673-4E76-B3DB-8FD80B3FC891}.Release|x86.ActiveCfg = Release|x86
		{C36584E5-6673-4E76-B3DB-8FD80B3FC891}.Release|x86.Build.0 = Release|x86
		{691928E2-436C-4F57-9D9A-DDC66E3066ED}.Debug|x64.ActiveCfg = Debug|x64
		{691928E2-436C-4F57-9D9A-DDC66E3066ED}.Debug|x64.Build.0 = Debug|x64
		{691928E2-436C-4F57-9D9A-DDC66E3066ED}.Debug|x86.ActiveCfg = Debug|x86
		{691928E2-436C-4F57-9D9A-DDC66E3066ED}.Debug|x86.Build.0 = Debug|x86
		{691928E2-436C-4F57-9D9A-DDC66E3066ED}.Release|x64.ActiveCfg = Release|x64
		{691928E2-436C-4F57-9D9A-DDC66E3066ED}.Release|x64.Build.0 = Release|x64
		{691928E2-436C-4F57-9D9A-DDC66E3066ED}.Release|x86.ActiveCfg = Release|x86
		{691928E2-436C-4F57-9D9A-DDC66E3066ED}.Release|x86.Build.0 = Release|x86
		{C8BAEAC9-C6B2-4D54-910C-BD387BC71E32}.Debug|x64.ActiveCfg = Debug|x64
		{C8BAEAC9-C6B2-4D54-910C-BD387BC71E32}.Debug|x64.Build.0 = Debug|x64
		{C8BAEAC9-C6B2-4D54-910C-BD387BC71E32}.Debug|x86.ActiveCfg = Debug|x86
		{C8BAEAC9-C6B2-4D54-910C-BD387BC71E32}.Debug|x86.Build.0 = Debug|x86
		{C8BAEAC9-C6B2-4D54-910C-BD387BC71E32}.Release|x64.ActiveCfg = Release|x64
		{C8BAEAC9-C6B2-4D54-910C-BD387BC71E32}.Release|x64.Build.0 = Release|x64
		{C8BAEAC9-C6B2-4D54-910C-BD387BC71E32}.Release|x86.ActiveCfg = Release|x86
		{C8BAEAC9-C6B2-4D54-910C-BD387BC71E32}.Release|x86.Build.0 = Release|x86
		{CEE20E5C-4D51-45F6-820E-732FC4A5E9DA}.Debug|x64.ActiveCfg = Debug|x64
		{CEE20E5C-4D51-45F6-820E-732FC4A5E9DA}.Debug|x64.Build.0 = Debug|x64
		{CEE20E5C-4D51-45F6-820E-732FC4A5E9DA}.Debug|x86.ActiveCfg = Debug|x86
		{CEE20E5C-4D51-45F6-820E-732FC4A5E9DA}.Debug|x86.Build.0 = Debug|x86
		{CEE20E5C-4D51-45F6-820E-732FC4A5E9DA}.Release|x64.ActiveCfg = Release|x64
		{CEE20E5C-4D51-45F6-820E-732FC4A5E9DA}.Release|x64.Build.0 = Release|x64
		{CEE20E5C-4D51-45F6-820E-732FC4A5E9DA}.Release|x86.ActiveCfg = Release|x86
		{CEE20E5C-4D51-45F6-820E-732FC4A5E9DA}.Release|x86.Build.0 = Release|x86
		{62106FAB-02FC-40D8-A81F-C7516E0C3D4E}.Debug|x64.ActiveCfg = Debug|x64
		{62106FAB-02FC-40D8-A81F-C7516E0C3D4E}.Debug|x64.Build.0 = Debug|x64
		{62106FAB-02FC-40D8-A81F-C7516E0C3D4E}.Debug|x86.ActiveCfg = Debug|x86
		{62106FAB-02FC-40D8-A81F-C7516E0C3D4E}.Debug|x86.Build.0 = Debug|x86
		{62106FAB-02FC-40D8-A81F-C7516E0C3D4E}.Release|x64.ActiveCfg = Release|x64
		{62106FAB-02FC-40D8-A81F-C7516E0C3D4E}.Release|x64.Build.0 = Release|x64
		{62106FAB-02FC-40D8-A81F-C7516E0C3D4E}.Release|x86.ActiveCfg = Release|x86
		{62106FAB-02FC-40D8-A81F-C7516E0C3D4E}.Release|x86.Build.0 = Release|x86
		{55887740-7A72-4EAB-A7F7-D9A7EE05A5E9}.Debug|x64.ActiveCfg = Debug|x64
		{55887740-7A72-4EAB-A7F7-D9A7EE05A5E9}.Debug|x64.Build.0 = Debug|x64
		{55887740-7A72-4EAB-A7F7-D9A7EE05A5E9}.Debug|x86.ActiveCfg = Debug|x86
		{55887740-7A72-4EAB-A7F7-D9A7EE05A5E9}.Debug|x86.Build.0 = Debug|x86
		{55887740-7A72-4EAB-A7F7-D9A7EE05A5E9}.Release|x64.ActiveCfg = Release|x64
		{55887740-7A72-4EAB-A7F7-D9A7EE05A5E9}.Release|x64.Build.0 = Release|x64
		{55887740-7A72-4EAB-A7F7-D9A7EE05A5E9}.Release|x86.ActiveCfg = Release|x86
		{55887740-7A72-4EAB-A7F7-D9A7EE05A5E9}.Release|x86.Build.0 = Release|x86
	EndGlobalSection
	GlobalSection(SolutionProperties) = preSolution
		HideSolutionNode = FALSE
	EndGlobalSection
EndGlobal
